# This file is automatically @generated by rig.
# It is not intended for manual editing.
schema_version = 1

[[package]]
name = "rx4"
ecosystem = "cargo"
version = "0.7.1"
source = "registry+https://github.com/rust-lang/crates.io-index"
features = ["builtin-tools"]
expose_consumer = "rust"
expose_out = "src/rig_bindings/rx4.rs"
